
Microsoft Visual Studio Solution File, Format Version 12.00
# Visual Studio Version 17
VisualStudioVersion = 17.7.34003.232
MinimumVisualStudioVersion = 10.0.40219.1
Project("{FAE04EC0-301F-11D3-BF4B-00C04F79EFBC}") = "MvcProje6", "MvcProje6\MvcProje6.csproj", "{8CDA7720-0754-41E1-951D-5D36ED0B5A35}"
EndProject
Project("{FAE04EC0-301F-11D3-BF4B-00C04F79EFBC}") = "EntityLayer", "EntityLayer\EntityLayer.csproj", "{A3A5ADB3-2E8A-4C1A-B845-5FE99CD82456}"
EndProject
Project("{FAE04EC0-301F-11D3-BF4B-00C04F79EFBC}") = "DataAccessLayer", "DataAccessLayer\DataAccessLayer.csproj", "{E6070A94-B1EE-48D5-B7C1-4615EE679663}"
EndProject
Project("{FAE04EC0-301F-11D3-BF4B-00C04F79EFBC}") = "BusinessLayer", "BusinessLayer\BusinessLayer.csproj", "{C9322B7D-8316-4863-B28C-E91B1C19A7AC}"
EndProject
Global
	GlobalSection(SolutionConfigurationPlatforms) = preSolution
		Debug|Any CPU = Debug|Any CPU
		Release|Any CPU = Release|Any CPU
	EndGlobalSection
	GlobalSection(ProjectConfigurationPlatforms) = postSolution
		{8CDA7720-0754-41E1-951D-5D36ED0B5A35}.Debug|Any CPU.ActiveCfg = Debug|Any CPU
		{8CDA7720-0754-41E1-951D-5D36ED0B5A35}.Debug|Any CPU.Build.0 = Debug|Any CPU
		{8CDA7720-0754-41E1-951D-5D36ED0B5A35}.Release|Any CPU.ActiveCfg = Release|Any CPU
		{8CDA7720-0754-41E1-951D-5D36ED0B5A35}.Release|Any CPU.Build.0 = Release|Any CPU
		{A3A5ADB3-2E8A-4C1A-B845-5FE99CD82456}.Debug|Any CPU.ActiveCfg = Debug|Any CPU
		{A3A5ADB3-2E8A-4C1A-B845-5FE99CD82456}.Debug|Any CPU.Build.0 = Debug|Any CPU
		{A3A5ADB3-2E8A-4C1A-B845-5FE99CD82456}.Release|Any CPU.ActiveCfg = Release|Any CPU
		{A3A5ADB3-2E8A-4C1A-B845-5FE99CD82456}.Release|Any CPU.Build.0 = Release|Any CPU
		{E6070A94-B1EE-48D5-B7C1-4615EE679663}.Debug|Any CPU.ActiveCfg = Debug|Any CPU
		{E6070A94-B1EE-48D5-B7C1-4615EE679663}.Debug|Any CPU.Build.0 = Debug|Any CPU
		{E6070A94-B1EE-48D5-B7C1-4615EE679663}.Release|Any CPU.ActiveCfg = Release|Any CPU
		{E6070A94-B1EE-48D5-B7C1-4615EE679663}.Release|Any CPU.Build.0 = Release|Any CPU
		{C9322B7D-8316-4863-B28C-E91B1C19A7AC}.Debug|Any CPU.ActiveCfg = Debug|Any CPU
		{C9322B7D-8316-4863-B28C-E91B1C19A7AC}.Debug|Any CPU.Build.0 = Debug|Any CPU
		{C9322B7D-8316-4863-B28C-E91B1C19A7AC}.Release|Any CPU.ActiveCfg = Release|Any CPU
		{C9322B7D-8316-4863-B28C-E91B1C19A7AC}.Release|Any CPU.Build.0 = Release|Any CPU
	EndGlobalSection
	GlobalSection(SolutionProperties) = preSolution
		HideSolutionNode = FALSE
	EndGlobalSection
	GlobalSection(ExtensibilityGlobals) = postSolution
		SolutionGuid = {21E9154E-1012-4021-9EB9-E1F9E370240C}
	EndGlobalSection
EndGlobal
